{
  "version": 4,
  "terraform_version": "0.12.29",
  "serial": 281,
  "lineage": "549e0ac5-98b2-be1c-075e-459fccb0a80e",
  "outputs": {
    "connect": {
      "value": "gcloud container clusters get-credentials dev --zone europe-west1-c --project identity-graph-285408 \u0026\u0026 jx ns jx -q",
      "type": "string"
    },
    "next_install": {
      "value": "http://jenkins-x.io/foo",
      "type": "string"
    }
  },
  "resources": [
    {
      "module": "module.jx",
      "mode": "data",
      "type": "google_client_config",
      "name": "default",
      "provider": "module.jx.provider.google",
      "instances": [
        {
          "schema_version": 0,
          "attributes": {
            "access_token": "ya29.a0AfH6SMBmx_HJvjScH6aURZHEVxLTMqUTFsbVHIJrrbSGLgyocm72faMp3qtb_WbVdWCr3yiBOE752FYpPCFC3V9SVI_oMIMkWeSWxoMboZYaEo7cvuAL7mR_VLYKNuXzguBL1oh5aquNK7AyBN01gDQug0or4nGNGJCO",
            "id": "2020-08-24 13:01:59.390722 +0000 UTC",
            "project": "identity-graph-285408",
            "region": "",
            "zone": ""
          }
        }
      ]
    },
    {
      "module": "module.network",
      "mode": "data",
      "type": "template_file",
      "name": "startup_script",
      "provider": "provider.template",
      "instances": [
        {
          "schema_version": 0,
          "attributes": {
            "filename": null,
            "id": "6eb058c9472a45ce0a966eaeec03e5f6f71107c5e0030bcf31e6b590adb5733d",
            "rendered": "sudo apt-get update -y\nsudo apt-get install -y tinyproxy\necho \"Allow 0.0.0.0/0\" \u003e\u003e /etc/tinyproxy/tinyproxy.conf \n",
            "template": "sudo apt-get update -y\nsudo apt-get install -y tinyproxy\necho \"Allow 0.0.0.0/0\" \u003e\u003e /etc/tinyproxy/tinyproxy.conf \n",
            "vars": null
          }
        }
      ]
    },
    {
      "module": "module.network",
      "mode": "managed",
      "type": "google_compute_address",
      "name": "nat",
      "provider": "provider.google",
      "instances": [
        {
          "schema_version": 0,
          "attributes": {
            "address": "35.240.67.93",
            "address_type": "EXTERNAL",
            "creation_timestamp": "2020-08-24T05:18:43.453-07:00",
            "description": "",
            "id": "projects/identity-graph-285408/regions/europe-west1/addresses/dev-nat-ip",
            "name": "dev-nat-ip",
            "network_tier": "PREMIUM",
            "project": "identity-graph-285408",
            "purpose": "",
            "region": "europe-west1",
            "self_link": "https://www.googleapis.com/compute/v1/projects/identity-graph-285408/regions/europe-west1/addresses/dev-nat-ip",
            "subnetwork": "",
            "timeouts": null,
            "users": [
              "https://www.googleapis.com/compute/v1/projects/identity-graph-285408/regions/europe-west1/routers/dev-cloud-router"
            ]
          },
          "private": "eyJlMmJmYjczMC1lY2FhLTExZTYtOGY4OC0zNDM2M2JjN2M0YzAiOnsiY3JlYXRlIjoyNDAwMDAwMDAwMDAsImRlbGV0ZSI6MjQwMDAwMDAwMDAwfX0=",
          "dependencies": [
            "module.network.google_project_service.service"
          ]
        }
      ]
    },
    {
      "module": "module.network",
      "mode": "managed",
      "type": "google_compute_firewall",
      "name": "bastion-ssh",
      "provider": "provider.google",
      "instances": [
        {
          "schema_version": 1,
          "attributes": {
            "allow": [
              {
                "ports": [
                  "22"
                ],
                "protocol": "tcp"
              }
            ],
            "creation_timestamp": "2020-08-24T05:18:55.086-07:00",
            "deny": [],
            "description": "",
            "destination_ranges": [],
            "direction": "INGRESS",
            "disabled": false,
            "enable_logging": null,
            "id": "projects/identity-graph-285408/global/firewalls/dev-bastion-ssh",
            "log_config": [],
            "name": "dev-bastion-ssh",
            "network": "https://www.googleapis.com/compute/v1/projects/identity-graph-285408/global/networks/dev-network",
            "priority": 1000,
            "project": "identity-graph-285408",
            "self_link": "https://www.googleapis.com/compute/v1/projects/identity-graph-285408/global/firewalls/dev-bastion-ssh",
            "source_ranges": [
              "35.235.240.0/20"
            ],
            "source_service_accounts": [],
            "source_tags": [],
            "target_service_accounts": [],
            "target_tags": [
              "bastion"
            ],
            "timeouts": null
          },
          "private": "eyJlMmJmYjczMC1lY2FhLTExZTYtOGY4OC0zNDM2M2JjN2M0YzAiOnsiY3JlYXRlIjoyNDAwMDAwMDAwMDAsImRlbGV0ZSI6MjQwMDAwMDAwMDAwLCJ1cGRhdGUiOjI0MDAwMDAwMDAwMH0sInNjaGVtYV92ZXJzaW9uIjoiMSJ9",
          "dependencies": [
            "module.network.google_compute_network.network",
            "module.network.google_project_service.service"
          ]
        }
      ]
    },
    {
      "module": "module.network",
      "mode": "managed",
      "type": "google_compute_instance",
      "name": "bastion",
      "provider": "provider.google",
      "instances": [
        {
          "schema_version": 6,
          "attributes": {
            "allow_stopping_for_update": true,
            "attached_disk": [],
            "boot_disk": [
              {
                "auto_delete": true,
                "device_name": "persistent-disk-0",
                "disk_encryption_key_raw": "",
                "disk_encryption_key_sha256": "",
                "initialize_params": [
                  {
                    "image": "https://www.googleapis.com/compute/v1/projects/debian-cloud/global/images/debian-9-stretch-v20200805",
                    "labels": {},
                    "size": 10,
                    "type": "pd-standard"
                  }
                ],
                "kms_key_self_link": "",
                "mode": "READ_WRITE",
                "source": "https://www.googleapis.com/compute/v1/projects/identity-graph-285408/zones/europe-west1-c/disks/dev-bastion"
              }
            ],
            "can_ip_forward": false,
            "cpu_platform": "Intel Haswell",
            "current_status": "RUNNING",
            "deletion_protection": false,
            "description": "",
            "desired_status": null,
            "enable_display": false,
            "guest_accelerator": [],
            "hostname": "",
            "id": "projects/identity-graph-285408/zones/europe-west1-c/instances/dev-bastion",
            "instance_id": "2839176115882165404",
            "label_fingerprint": "42WmSpB8rSM=",
            "labels": null,
            "machine_type": "g1-small",
            "metadata": null,
            "metadata_fingerprint": "bp8M79ftT64=",
            "metadata_startup_script": "sudo apt-get update -y\nsudo apt-get install -y tinyproxy\necho \"Allow 0.0.0.0/0\" \u003e\u003e /etc/tinyproxy/tinyproxy.conf \n",
            "min_cpu_platform": "",
            "name": "dev-bastion",
            "network_interface": [
              {
                "access_config": [],
                "alias_ip_range": [],
                "name": "nic0",
                "network": "https://www.googleapis.com/compute/v1/projects/identity-graph-285408/global/networks/dev-network",
                "network_ip": "10.0.0.7",
                "subnetwork": "https://www.googleapis.com/compute/v1/projects/identity-graph-285408/regions/europe-west1/subnetworks/dev-subnet",
                "subnetwork_project": "identity-graph-285408"
              }
            ],
            "project": "identity-graph-285408",
            "resource_policies": null,
            "scheduling": [
              {
                "automatic_restart": false,
                "node_affinities": [],
                "on_host_maintenance": "TERMINATE",
                "preemptible": true
              }
            ],
            "scratch_disk": [],
            "self_link": "https://www.googleapis.com/compute/v1/projects/identity-graph-285408/zones/europe-west1-c/instances/dev-bastion",
            "service_account": [
              {
                "email": "dev-bastion-sa@identity-graph-285408.iam.gserviceaccount.com",
                "scopes": [
                  "https://www.googleapis.com/auth/cloud-platform"
                ]
              }
            ],
            "shielded_instance_config": [],
            "tags": [
              "bastion"
            ],
            "tags_fingerprint": "NfTTNVh6sLU=",
            "timeouts": null,
            "zone": "europe-west1-c"
          },
          "private": "eyJlMmJmYjczMC1lY2FhLTExZTYtOGY4OC0zNDM2M2JjN2M0YzAiOnsiY3JlYXRlIjoxMjAwMDAwMDAwMDAwLCJkZWxldGUiOjEyMDAwMDAwMDAwMDAsInVwZGF0ZSI6MTIwMDAwMDAwMDAwMH0sInNjaGVtYV92ZXJzaW9uIjoiNiJ9",
          "dependencies": [
            "module.network.google_compute_subnetwork.subnetwork",
            "module.network.google_service_account.bastion"
          ]
        }
      ]
    },
    {
      "module": "module.network",
      "mode": "managed",
      "type": "google_compute_network",
      "name": "network",
      "provider": "provider.google",
      "instances": [
        {
          "schema_version": 0,
          "attributes": {
            "auto_create_subnetworks": false,
            "delete_default_routes_on_create": false,
            "description": "",
            "gateway_ipv4": "",
            "id": "projects/identity-graph-285408/global/networks/dev-network",
            "ipv4_range": null,
            "name": "dev-network",
            "project": "identity-graph-285408",
            "routing_mode": "REGIONAL",
            "self_link": "https://www.googleapis.com/compute/v1/projects/identity-graph-285408/global/networks/dev-network",
            "timeouts": null
          },
          "private": "eyJlMmJmYjczMC1lY2FhLTExZTYtOGY4OC0zNDM2M2JjN2M0YzAiOnsiY3JlYXRlIjoyNDAwMDAwMDAwMDAsImRlbGV0ZSI6MjQwMDAwMDAwMDAwLCJ1cGRhdGUiOjI0MDAwMDAwMDAwMH19",
          "dependencies": [
            "module.network.google_project_service.service"
          ]
        }
      ]
    },
    {
      "module": "module.network",
      "mode": "managed",
      "type": "google_compute_router",
      "name": "router",
      "provider": "provider.google",
      "instances": [
        {
          "schema_version": 0,
          "attributes": {
            "bgp": [
              {
                "advertise_mode": "DEFAULT",
                "advertised_groups": [],
                "advertised_ip_ranges": [],
                "asn": 64514
              }
            ],
            "creation_timestamp": "2020-08-24T05:18:55.145-07:00",
            "description": "",
            "id": "projects/identity-graph-285408/regions/europe-west1/routers/dev-cloud-router",
            "name": "dev-cloud-router",
            "network": "https://www.googleapis.com/compute/v1/projects/identity-graph-285408/global/networks/dev-network",
            "project": "identity-graph-285408",
            "region": "europe-west1",
            "self_link": "https://www.googleapis.com/compute/v1/projects/identity-graph-285408/regions/europe-west1/routers/dev-cloud-router",
            "timeouts": null
          },
          "private": "eyJlMmJmYjczMC1lY2FhLTExZTYtOGY4OC0zNDM2M2JjN2M0YzAiOnsiY3JlYXRlIjoyNDAwMDAwMDAwMDAsImRlbGV0ZSI6MjQwMDAwMDAwMDAwLCJ1cGRhdGUiOjI0MDAwMDAwMDAwMH19",
          "dependencies": [
            "module.network.google_compute_network.network",
            "module.network.google_project_service.service"
          ]
        }
      ]
    },
    {
      "module": "module.network",
      "mode": "managed",
      "type": "google_compute_router_nat",
      "name": "nat",
      "provider": "provider.google",
      "instances": [
        {
          "schema_version": 0,
          "attributes": {
            "drain_nat_ips": [],
            "icmp_idle_timeout_sec": 30,
            "id": "identity-graph-285408/europe-west1/dev-cloud-router/dev-cloud-nat",
            "log_config": [],
            "min_ports_per_vm": 0,
            "name": "dev-cloud-nat",
            "nat_ip_allocate_option": "MANUAL_ONLY",
            "nat_ips": [
              "https://www.googleapis.com/compute/v1/projects/identity-graph-285408/regions/europe-west1/addresses/dev-nat-ip"
            ],
            "project": "identity-graph-285408",
            "region": "europe-west1",
            "router": "dev-cloud-router",
            "source_subnetwork_ip_ranges_to_nat": "LIST_OF_SUBNETWORKS",
            "subnetwork": [
              {
                "name": "https://www.googleapis.com/compute/v1/projects/identity-graph-285408/regions/europe-west1/subnetworks/dev-subnet",
                "secondary_ip_range_names": [
                  "dev-pod-range",
                  "dev-svc-range"
                ],
                "source_ip_ranges_to_nat": [
                  "LIST_OF_SECONDARY_IP_RANGES",
                  "PRIMARY_IP_RANGE"
                ]
              }
            ],
            "tcp_established_idle_timeout_sec": 1200,
            "tcp_transitory_idle_timeout_sec": 30,
            "timeouts": null,
            "udp_idle_timeout_sec": 30
          },
          "private": "eyJlMmJmYjczMC1lY2FhLTExZTYtOGY4OC0zNDM2M2JjN2M0YzAiOnsiY3JlYXRlIjo2MDAwMDAwMDAwMDAsImRlbGV0ZSI6NjAwMDAwMDAwMDAwLCJ1cGRhdGUiOjYwMDAwMDAwMDAwMH19",
          "dependencies": [
            "module.network.google_compute_address.nat",
            "module.network.google_compute_network.network",
            "module.network.google_compute_router.router",
            "module.network.google_compute_subnetwork.subnetwork",
            "module.network.google_project_service.service"
          ]
        }
      ]
    },
    {
      "module": "module.network",
      "mode": "managed",
      "type": "google_compute_subnetwork",
      "name": "subnetwork",
      "provider": "provider.google",
      "instances": [
        {
          "schema_version": 0,
          "attributes": {
            "creation_timestamp": "2020-08-24T05:18:55.236-07:00",
            "description": "",
            "enable_flow_logs": null,
            "fingerprint": null,
            "gateway_address": "10.0.0.1",
            "id": "projects/identity-graph-285408/regions/europe-west1/subnetworks/dev-subnet",
            "ip_cidr_range": "10.0.0.0/24",
            "log_config": [],
            "name": "dev-subnet",
            "network": "https://www.googleapis.com/compute/v1/projects/identity-graph-285408/global/networks/dev-network",
            "private_ip_google_access": true,
            "project": "identity-graph-285408",
            "region": "europe-west1",
            "secondary_ip_range": [
              {
                "ip_cidr_range": "10.1.0.0/16",
                "range_name": "dev-pod-range"
              },
              {
                "ip_cidr_range": "10.2.0.0/20",
                "range_name": "dev-svc-range"
              }
            ],
            "self_link": "https://www.googleapis.com/compute/v1/projects/identity-graph-285408/regions/europe-west1/subnetworks/dev-subnet",
            "timeouts": null
          },
          "private": "eyJlMmJmYjczMC1lY2FhLTExZTYtOGY4OC0zNDM2M2JjN2M0YzAiOnsiY3JlYXRlIjozNjAwMDAwMDAwMDAsImRlbGV0ZSI6MzYwMDAwMDAwMDAwLCJ1cGRhdGUiOjM2MDAwMDAwMDAwMH19",
          "dependencies": [
            "module.network.google_compute_network.network",
            "module.network.google_project_service.service"
          ]
        }
      ]
    },
    {
      "module": "module.jx.module.cluster",
      "mode": "managed",
      "type": "google_container_cluster",
      "name": "jx_cluster",
      "provider": "module.jx.provider.google-beta",
      "instances": [
        {
          "schema_version": 1,
          "attributes": {
            "additional_zones": [],
            "addons_config": [
              {
                "cloudrun_config": [],
                "config_connector_config": [],
                "dns_cache_config": [],
                "gce_persistent_disk_csi_driver_config": [],
                "horizontal_pod_autoscaling": [],
                "http_load_balancing": [],
                "istio_config": [],
                "kalm_config": [],
                "kubernetes_dashboard": [],
                "network_policy_config": [
                  {
                    "disabled": true
                  }
                ]
              }
            ],
            "authenticator_groups_config": [],
            "cluster_autoscaling": [
              {
                "auto_provisioning_defaults": [
                  {
                    "min_cpu_platform": "",
                    "oauth_scopes": [
                      "https://www.googleapis.com/auth/logging.write",
                      "https://www.googleapis.com/auth/monitoring"
                    ],
                    "service_account": "default"
                  }
                ],
                "autoscaling_profile": "BALANCED",
                "enabled": true,
                "resource_limits": [
                  {
                    "maximum": 10,
                    "minimum": 6,
                    "resource_type": "cpu"
                  },
                  {
                    "maximum": 38,
                    "minimum": 23,
                    "resource_type": "memory"
                  }
                ]
              }
            ],
            "cluster_ipv4_cidr": "10.40.0.0/14",
            "cluster_telemetry": [
              {
                "type": "ENABLED"
              }
            ],
            "database_encryption": [
              {
                "key_name": "",
                "state": "DECRYPTED"
              }
            ],
            "default_max_pods_per_node": 110,
            "default_snat_status": [
              {
                "disabled": false
              }
            ],
            "description": "jenkins-x cluster",
            "enable_binary_authorization": false,
            "enable_intranode_visibility": false,
            "enable_kubernetes_alpha": false,
            "enable_legacy_abac": true,
            "enable_shielded_nodes": false,
            "enable_tpu": false,
            "endpoint": "10.5.0.2",
            "id": "projects/identity-graph-285408/locations/europe-west1-c/clusters/dev",
            "initial_node_count": 3,
            "instance_group_urls": [
              "https://www.googleapis.com/compute/beta/projects/identity-graph-285408/zones/europe-west1-c/instanceGroups/gke-dev-default-pool-184a7a1a-grp"
            ],
            "ip_allocation_policy": [
              {
                "cluster_ipv4_cidr_block": "10.40.0.0/14",
                "cluster_secondary_range_name": "gke-dev-pods-c1f79e3b",
                "node_ipv4_cidr_block": "",
                "services_ipv4_cidr_block": "10.0.0.0/20",
                "services_secondary_range_name": "gke-dev-services-c1f79e3b",
                "subnetwork_name": ""
              }
            ],
            "label_fingerprint": "a9dc16a7",
            "location": "europe-west1-c",
            "logging_service": "logging.googleapis.com/kubernetes",
            "maintenance_policy": [
              {
                "daily_maintenance_window": [
                  {
                    "duration": "PT4H0M0S",
                    "start_time": "09:00"
                  }
                ],
                "recurring_window": []
              }
            ],
            "master_auth": [
              {
                "client_certificate": "",
                "client_certificate_config": [
                  {
                    "issue_client_certificate": false
                  }
                ],
                "client_key": "",
                "cluster_ca_certificate": "LS0tLS1CRUdJTiBDRVJUSUZJQ0FURS0tLS0tCk1JSURLakNDQWhLZ0F3SUJBZ0lRQ1ZPTXF0UWJrMW9SZ3NHRUF4Q3l5VEFOQmdrcWhraUc5dzBCQVFzRkFEQXYKTVMwd0t3WURWUVFERXlRNU1ESXpNV1JsWlMwd1pHWTRMVFF3TUdVdFlUSm1PQzFsT1dFelltUmlOMkZrTVRrdwpIaGNOTWpBd09ESTBNVEF6TlRNM1doY05NalV3T0RJek1URXpOVE0zV2pBdk1TMHdLd1lEVlFRREV5UTVNREl6Ck1XUmxaUzB3WkdZNExUUXdNR1V0WVRKbU9DMWxPV0V6WW1SaU4yRmtNVGt3Z2dFaU1BMEdDU3FHU0liM0RRRUIKQVFVQUE0SUJEd0F3Z2dFS0FvSUJBUURRMTFQODlJUmNxQUUwMytYamFNcTZpdnpkVklBYUtDbC85Rm01aWdVUQpZSjdFak9Pb2Y1RWNGUy9ETEFnZjN5OUYwN2V6azRtYXhBYlI4cWV5dnZLUEUrU2NpeE5NZXZ6cHVXV1NqZ2F6ClFWQmlpSEI3MnZ0Z3BIMG9XNmw5MUM0TUgyRThwY3cvcFp6Sm5DaW1rWkhGZGoyb3BLN3lZUVA2WDVITkZBaXoKRGcrODlVTHVseXA2Wnh2dlk5SzNwbjR4RVIySTVNTzkvUkxPeGU3SncyamRYK2ZKN1Y1SUxCQzZhNmg4ZElwZwoxZldHNWRySGtTNlp4eEtwR2pBSkFteGIxZE5PdDBhQmdmSkxBRWZMRkI5VUdxbzRqY3JsYzBrZFBFbG5VZlFWClpjZ3ZUTUY0c3oyRlNpOWNLK1NxODN0ZjVGMnhCalBzVWU0M2E5cDFqMmh4QWdNQkFBR2pRakJBTUE0R0ExVWQKRHdFQi93UUVBd0lDQkRBUEJnTlZIUk1CQWY4RUJUQURBUUgvTUIwR0ExVWREZ1FXQkJTaUQ0Q2NqeklrL1pvMQp3V3FhYkFoYWxRdDZBakFOQmdrcWhraUc5dzBCQVFzRkFBT0NBUUVBY0p6U3l1NU0wVVg1MVpzZHQrYVY4MDVBCllENldQSFN6T3c3K1RMLzQ2MXljUjFyRFBSY29GYllTVEhXS3hLaS9ERUFGUmx6ZUpJdFVsNXc2YXhXdGZrTUoKV2xnS24vQVV1OERTcE9YSjAvNVdLaGFZVEVNcWNnQTBodWtNM1pJQnZFQ1RDK1h3Zk9IZ20yMGczbHZMOTRSZwpPenBaYWFvTTA1KzVuUkJ5aE02endyUDQ2SHllOGg2V0hvRjM1cUtYTGtCUHVBeUNnUDNYZUI0TjhrYjZBNk53CnBKdS9JUkJXVDJsNTA2VE8zdzBIbHR4b3R3V0dNbGh0WVNWUFA5RThzblFCa29RSUt5RjFFZk9OZVozU2IvSUYKMDIrYTRaVGl2WkphRzk1UmMvM0xRTWY3U0ZoMlRpSk1nbTFEMWRnRTArYlBoWUNGbFlTWG5Rc0FCSVJnbUE9PQotLS0tLUVORCBDRVJUSUZJQ0FURS0tLS0tCg==",
                "password": "",
                "username": ""
              }
            ],
            "master_authorized_networks_config": [
              {
                "cidr_blocks": []
              }
            ],
            "master_version": "1.15.12-gke.2",
            "min_master_version": null,
            "monitoring_service": "monitoring.googleapis.com/kubernetes",
            "name": "dev",
            "network": "projects/identity-graph-285408/global/networks/default",
            "network_policy": [
              {
                "enabled": false,
                "provider": "PROVIDER_UNSPECIFIED"
              }
            ],
            "networking_mode": "VPC_NATIVE",
            "node_config": [
              {
                "boot_disk_kms_key": "",
                "disk_size_gb": 100,
                "disk_type": "pd-standard",
                "guest_accelerator": [],
                "image_type": "COS",
                "labels": {},
                "local_ssd_count": 0,
                "machine_type": "n1-standard-2",
                "metadata": {
                  "disable-legacy-endpoints": "true"
                },
                "min_cpu_platform": "",
                "oauth_scopes": [
                  "https://www.googleapis.com/auth/cloud-platform",
                  "https://www.googleapis.com/auth/compute",
                  "https://www.googleapis.com/auth/devstorage.full_control",
                  "https://www.googleapis.com/auth/logging.write",
                  "https://www.googleapis.com/auth/monitoring",
                  "https://www.googleapis.com/auth/service.management",
                  "https://www.googleapis.com/auth/servicecontrol"
                ],
                "preemptible": true,
                "sandbox_config": [],
                "service_account": "default",
                "shielded_instance_config": [
                  {
                    "enable_integrity_monitoring": true,
                    "enable_secure_boot": false
                  }
                ],
                "tags": [],
                "taint": [],
                "workload_metadata_config": [
                  {
                    "node_metadata": "GKE_METADATA_SERVER"
                  }
                ]
              }
            ],
            "node_locations": [],
            "node_pool": [
              {
                "autoscaling": [],
                "initial_node_count": 3,
                "instance_group_urls": [
                  "https://www.googleapis.com/compute/v1/projects/identity-graph-285408/zones/europe-west1-c/instanceGroupManagers/gke-dev-default-pool-184a7a1a-grp"
                ],
                "management": [
                  {
                    "auto_repair": true,
                    "auto_upgrade": true
                  }
                ],
                "max_pods_per_node": 110,
                "name": "default-pool",
                "name_prefix": "",
                "node_config": [
                  {
                    "boot_disk_kms_key": "",
                    "disk_size_gb": 100,
                    "disk_type": "pd-standard",
                    "guest_accelerator": [],
                    "image_type": "COS",
                    "labels": {},
                    "local_ssd_count": 0,
                    "machine_type": "n1-standard-2",
                    "metadata": {
                      "disable-legacy-endpoints": "true"
                    },
                    "min_cpu_platform": "",
                    "oauth_scopes": [
                      "https://www.googleapis.com/auth/cloud-platform",
                      "https://www.googleapis.com/auth/compute",
                      "https://www.googleapis.com/auth/devstorage.full_control",
                      "https://www.googleapis.com/auth/logging.write",
                      "https://www.googleapis.com/auth/monitoring",
                      "https://www.googleapis.com/auth/service.management",
                      "https://www.googleapis.com/auth/servicecontrol"
                    ],
                    "preemptible": true,
                    "sandbox_config": [],
                    "service_account": "default",
                    "shielded_instance_config": [
                      {
                        "enable_integrity_monitoring": true,
                        "enable_secure_boot": false
                      }
                    ],
                    "tags": [],
                    "taint": [],
                    "workload_metadata_config": [
                      {
                        "node_metadata": "GKE_METADATA_SERVER"
                      }
                    ]
                  }
                ],
                "node_count": 3,
                "node_locations": [
                  "europe-west1-c"
                ],
                "upgrade_settings": [
                  {
                    "max_surge": 1,
                    "max_unavailable": 0
                  }
                ],
                "version": "1.15.12-gke.2"
              }
            ],
            "node_version": "1.15.12-gke.2",
            "operation": null,
            "pod_security_policy_config": [
              {
                "enabled": false
              }
            ],
            "private_cluster_config": [
              {
                "enable_private_endpoint": true,
                "enable_private_nodes": true,
                "master_global_access_config": [],
                "master_ipv4_cidr_block": "10.5.0.0/28",
                "peering_name": "gke-nca7bd08e0bbbe1de9cb-9285-c0bd-peer",
                "private_endpoint": "10.5.0.2",
                "public_endpoint": "35.195.65.135"
              }
            ],
            "project": "identity-graph-285408",
            "region": null,
            "release_channel": [
              {
                "channel": "UNSPECIFIED"
              }
            ],
            "remove_default_node_pool": null,
            "resource_labels": {},
            "resource_usage_export_config": [],
            "services_ipv4_cidr": "10.0.0.0/20",
            "subnetwork": "projects/identity-graph-285408/regions/europe-west1/subnetworks/default",
            "timeouts": null,
            "tpu_ipv4_cidr_block": "",
            "vertical_pod_autoscaling": [],
            "workload_identity_config": [
              {
                "identity_namespace": "identity-graph-285408.svc.id.goog"
              }
            ],
            "zone": null
          },
          "private": "eyJlMmJmYjczMC1lY2FhLTExZTYtOGY4OC0zNDM2M2JjN2M0YzAiOnsiY3JlYXRlIjoyNDAwMDAwMDAwMDAwLCJkZWxldGUiOjI0MDAwMDAwMDAwMDAsInJlYWQiOjI0MDAwMDAwMDAwMDAsInVwZGF0ZSI6MzYwMDAwMDAwMDAwMH0sInNjaGVtYV92ZXJzaW9uIjoiMSJ9",
          "dependencies": [
            "google_compute_network.network",
            "google_compute_subnetwork.subnetwork",
            "google_project_service.service",
            "module.jx.random_pet.current"
          ]
        }
      ]
    },
    {
      "module": "module.jx.module.vault",
      "mode": "managed",
      "type": "google_kms_crypto_key",
      "name": "vault_crypto_key",
      "each": "list",
      "provider": "module.jx.provider.google",
      "instances": [
        {
          "index_key": 0,
          "schema_version": 1,
          "attributes": {
            "id": "projects/identity-graph-285408/locations/global/keyRings/keyring-dev-a8048bbb4f1e/cryptoKeys/crypto-key-dev-a8048bbb4f1e",
            "key_ring": "projects/identity-graph-285408/locations/global/keyRings/keyring-dev-a8048bbb4f1e",
            "labels": {},
            "name": "crypto-key-dev-a8048bbb4f1e",
            "purpose": "ENCRYPT_DECRYPT",
            "rotation_period": "100000s",
            "self_link": "projects/identity-graph-285408/locations/global/keyRings/keyring-dev-a8048bbb4f1e/cryptoKeys/crypto-key-dev-a8048bbb4f1e",
            "timeouts": null,
            "version_template": [
              {
                "algorithm": "GOOGLE_SYMMETRIC_ENCRYPTION",
                "protection_level": "SOFTWARE"
              }
            ]
          },
          "private": "eyJlMmJmYjczMC1lY2FhLTExZTYtOGY4OC0zNDM2M2JjN2M0YzAiOnsiY3JlYXRlIjoyNDAwMDAwMDAwMDAsImRlbGV0ZSI6MjQwMDAwMDAwMDAwLCJ1cGRhdGUiOjI0MDAwMDAwMDAwMH0sInNjaGVtYV92ZXJzaW9uIjoiMSJ9",
          "dependencies": [
            "module.jx.module.vault.google_kms_key_ring.vault_keyring",
            "module.jx.module.vault.google_project_service.cloudkms_api",
            "module.jx.random_id.random",
            "module.jx.random_pet.current"
          ]
        }
      ]
    },
    {
      "module": "module.jx.module.vault",
      "mode": "managed",
      "type": "google_kms_key_ring",
      "name": "vault_keyring",
      "each": "list",
      "provider": "module.jx.provider.google",
      "instances": [
        {
          "index_key": 0,
          "schema_version": 0,
          "attributes": {
            "id": "projects/identity-graph-285408/locations/global/keyRings/keyring-dev-a8048bbb4f1e",
            "location": "global",
            "name": "keyring-dev-a8048bbb4f1e",
            "project": "identity-graph-285408",
            "self_link": "projects/identity-graph-285408/locations/global/keyRings/keyring-dev-a8048bbb4f1e",
            "timeouts": null
          },
          "private": "eyJlMmJmYjczMC1lY2FhLTExZTYtOGY4OC0zNDM2M2JjN2M0YzAiOnsiY3JlYXRlIjoyNDAwMDAwMDAwMDAsImRlbGV0ZSI6MjQwMDAwMDAwMDAwfX0=",
          "dependencies": [
            "module.jx.module.vault.google_project_service.cloudkms_api",
            "module.jx.random_id.random",
            "module.jx.random_pet.current"
          ]
        }
      ]
    },
    {
      "module": "module.jx.module.cluster",
      "mode": "managed",
      "type": "google_project_iam_member",
      "name": "build_controller_sa_storage_admin_binding",
      "provider": "module.jx.provider.google",
      "instances": [
        {
          "schema_version": 0,
          "attributes": {
            "condition": [],
            "etag": "BwWtniNG83M=",
            "id": "identity-graph-285408/roles/storage.admin/serviceaccount:dev-bc@identity-graph-285408.iam.gserviceaccount.com",
            "member": "serviceAccount:dev-bc@identity-graph-285408.iam.gserviceaccount.com",
            "project": "identity-graph-285408",
            "role": "roles/storage.admin"
          },
          "private": "bnVsbA==",
          "dependencies": [
            "module.jx.module.cluster.google_service_account.build_controller_sa",
            "module.jx.random_pet.current"
          ]
        }
      ]
    },
    {
      "module": "module.jx.module.cluster",
      "mode": "managed",
      "type": "google_project_iam_member",
      "name": "build_controller_sa_storage_object_admin_binding",
      "provider": "module.jx.provider.google",
      "instances": [
        {
          "schema_version": 0,
          "attributes": {
            "condition": [],
            "etag": "BwWtniNG83M=",
            "id": "identity-graph-285408/roles/storage.objectAdmin/serviceaccount:dev-bc@identity-graph-285408.iam.gserviceaccount.com",
            "member": "serviceAccount:dev-bc@identity-graph-285408.iam.gserviceaccount.com",
            "project": "identity-graph-285408",
            "role": "roles/storage.objectAdmin"
          },
          "private": "bnVsbA==",
          "dependencies": [
            "module.jx.module.cluster.google_service_account.build_controller_sa",
            "module.jx.random_pet.current"
          ]
        }
      ]
    },
    {
      "module": "module.jx.module.dns",
      "mode": "managed",
      "type": "google_project_iam_member",
      "name": "externaldns_sa_dns_admin_binding",
      "provider": "module.jx.provider.google",
      "instances": [
        {
          "schema_version": 0,
          "attributes": {
            "condition": [],
            "etag": "BwWtniNG83M=",
            "id": "identity-graph-285408/roles/dns.admin/serviceaccount:dev-dn@identity-graph-285408.iam.gserviceaccount.com",
            "member": "serviceAccount:dev-dn@identity-graph-285408.iam.gserviceaccount.com",
            "project": "identity-graph-285408",
            "role": "roles/dns.admin"
          },
          "private": "bnVsbA==",
          "dependencies": [
            "module.jx.module.dns.google_service_account.dns_sa",
            "module.jx.random_pet.current"
          ]
        }
      ]
    },
    {
      "module": "module.jx.module.cluster",
      "mode": "managed",
      "type": "google_project_iam_member",
      "name": "kaniko_sa_storage_admin_binding",
      "provider": "module.jx.provider.google",
      "instances": [
        {
          "schema_version": 0,
          "attributes": {
            "condition": [],
            "etag": "BwWtniNG83M=",
            "id": "identity-graph-285408/roles/storage.admin/serviceaccount:dev-ko@identity-graph-285408.iam.gserviceaccount.com",
            "member": "serviceAccount:dev-ko@identity-graph-285408.iam.gserviceaccount.com",
            "project": "identity-graph-285408",
            "role": "roles/storage.admin"
          },
          "private": "bnVsbA==",
          "dependencies": [
            "module.jx.module.cluster.google_service_account.kaniko_sa",
            "module.jx.random_pet.current"
          ]
        }
      ]
    },
    {
      "module": "module.jx.module.cluster",
      "mode": "managed",
      "type": "google_project_iam_member",
      "name": "tekton_sa_project_viewer_binding",
      "provider": "module.jx.provider.google",
      "instances": [
        {
          "schema_version": 0,
          "attributes": {
            "condition": [],
            "etag": "BwWtniNG83M=",
            "id": "identity-graph-285408/roles/viewer/serviceaccount:dev-tekton@identity-graph-285408.iam.gserviceaccount.com",
            "member": "serviceAccount:dev-tekton@identity-graph-285408.iam.gserviceaccount.com",
            "project": "identity-graph-285408",
            "role": "roles/viewer"
          },
          "private": "bnVsbA==",
          "dependencies": [
            "module.jx.module.cluster.google_service_account.tekton_sa",
            "module.jx.random_pet.current"
          ]
        }
      ]
    },
    {
      "module": "module.jx.module.cluster",
      "mode": "managed",
      "type": "google_project_iam_member",
      "name": "tekton_sa_storage_admin_binding",
      "provider": "module.jx.provider.google",
      "instances": [
        {
          "schema_version": 0,
          "attributes": {
            "condition": [],
            "etag": "BwWtniNG83M=",
            "id": "identity-graph-285408/roles/storage.admin/serviceaccount:dev-tekton@identity-graph-285408.iam.gserviceaccount.com",
            "member": "serviceAccount:dev-tekton@identity-graph-285408.iam.gserviceaccount.com",
            "project": "identity-graph-285408",
            "role": "roles/storage.admin"
          },
          "private": "bnVsbA==",
          "dependencies": [
            "module.jx.module.cluster.google_service_account.tekton_sa",
            "module.jx.random_pet.current"
          ]
        }
      ]
    },
    {
      "module": "module.jx.module.cluster",
      "mode": "managed",
      "type": "google_project_iam_member",
      "name": "tekton_sa_storage_object_admin_binding",
      "provider": "module.jx.provider.google",
      "instances": [
        {
          "schema_version": 0,
          "attributes": {
            "condition": [],
            "etag": "BwWtniNG83M=",
            "id": "identity-graph-285408/roles/storage.objectAdmin/serviceaccount:dev-tekton@identity-graph-285408.iam.gserviceaccount.com",
            "member": "serviceAccount:dev-tekton@identity-graph-285408.iam.gserviceaccount.com",
            "project": "identity-graph-285408",
            "role": "roles/storage.objectAdmin"
          },
          "private": "bnVsbA==",
          "dependencies": [
            "module.jx.module.cluster.google_service_account.tekton_sa",
            "module.jx.random_pet.current"
          ]
        }
      ]
    },
    {
      "module": "module.jx.module.cluster",
      "mode": "managed",
      "type": "google_project_iam_member",
      "name": "ui_sa_storage_admin_binding",
      "each": "list",
      "provider": "module.jx.provider.google",
      "instances": []
    },
    {
      "module": "module.jx.module.cluster",
      "mode": "managed",
      "type": "google_project_iam_member",
      "name": "ui_sa_storage_object_admin_binding",
      "each": "list",
      "provider": "module.jx.provider.google",
      "instances": []
    },
    {
      "module": "module.jx.module.vault",
      "mode": "managed",
      "type": "google_project_iam_member",
      "name": "vault_sa_cloudkms_admin_binding",
      "each": "list",
      "provider": "module.jx.provider.google",
      "instances": [
        {
          "index_key": 0,
          "schema_version": 0,
          "attributes": {
            "condition": [],
            "etag": "BwWtniNG83M=",
            "id": "identity-graph-285408/roles/cloudkms.admin/serviceaccount:dev-vt@identity-graph-285408.iam.gserviceaccount.com",
            "member": "serviceAccount:dev-vt@identity-graph-285408.iam.gserviceaccount.com",
            "project": "identity-graph-285408",
            "role": "roles/cloudkms.admin"
          },
          "private": "bnVsbA==",
          "dependencies": [
            "module.jx.module.vault.google_service_account.vault_sa",
            "module.jx.random_pet.current"
          ]
        }
      ]
    },
    {
      "module": "module.jx.module.vault",
      "mode": "managed",
      "type": "google_project_iam_member",
      "name": "vault_sa_cloudkms_crypto_binding",
      "each": "list",
      "provider": "module.jx.provider.google",
      "instances": [
        {
          "index_key": 0,
          "schema_version": 0,
          "attributes": {
            "condition": [],
            "etag": "BwWtniNG83M=",
            "id": "identity-graph-285408/roles/cloudkms.cryptoKeyEncrypterDecrypter/serviceaccount:dev-vt@identity-graph-285408.iam.gserviceaccount.com",
            "member": "serviceAccount:dev-vt@identity-graph-285408.iam.gserviceaccount.com",
            "project": "identity-graph-285408",
            "role": "roles/cloudkms.cryptoKeyEncrypterDecrypter"
          },
          "private": "bnVsbA==",
          "dependencies": [
            "module.jx.module.vault.google_service_account.vault_sa",
            "module.jx.random_pet.current"
          ]
        }
      ]
    },
    {
      "module": "module.jx.module.vault",
      "mode": "managed",
      "type": "google_project_iam_member",
      "name": "vault_sa_storage_object_admin_binding",
      "each": "list",
      "provider": "module.jx.provider.google",
      "instances": [
        {
          "index_key": 0,
          "schema_version": 0,
          "attributes": {
            "condition": [],
            "etag": "BwWtniNG83M=",
            "id": "identity-graph-285408/roles/storage.objectAdmin/serviceaccount:dev-vt@identity-graph-285408.iam.gserviceaccount.com",
            "member": "serviceAccount:dev-vt@identity-graph-285408.iam.gserviceaccount.com",
            "project": "identity-graph-285408",
            "role": "roles/storage.objectAdmin"
          },
          "private": "bnVsbA==",
          "dependencies": [
            "module.jx.module.vault.google_service_account.vault_sa",
            "module.jx.random_pet.current"
          ]
        }
      ]
    },
    {
      "module": "module.jx.module.backup",
      "mode": "managed",
      "type": "google_project_iam_member",
      "name": "velero_sa_storage_admin_binding",
      "each": "list",
      "provider": "module.jx.provider.google",
      "instances": []
    },
    {
      "module": "module.jx.module.backup",
      "mode": "managed",
      "type": "google_project_iam_member",
      "name": "velero_sa_storage_object_admin_binding",
      "each": "list",
      "provider": "module.jx.provider.google",
      "instances": []
    },
    {
      "module": "module.jx.module.backup",
      "mode": "managed",
      "type": "google_project_iam_member",
      "name": "velero_sa_storage_object_creator_binding",
      "each": "list",
      "provider": "module.jx.provider.google",
      "instances": []
    },
    {
      "module": "module.jx",
      "mode": "managed",
      "type": "google_project_service",
      "name": "cloudbuild_api",
      "provider": "module.jx.provider.google",
      "instances": [
        {
          "schema_version": 0,
          "attributes": {
            "disable_dependent_services": null,
            "disable_on_destroy": false,
            "id": "identity-graph-285408/cloudbuild.googleapis.com",
            "project": "identity-graph-285408",
            "service": "cloudbuild.googleapis.com",
            "timeouts": null
          },
          "private": "eyJlMmJmYjczMC1lY2FhLTExZTYtOGY4OC0zNDM2M2JjN2M0YzAiOnsiY3JlYXRlIjoxMjAwMDAwMDAwMDAwLCJkZWxldGUiOjEyMDAwMDAwMDAwMDAsInJlYWQiOjYwMDAwMDAwMDAwMCwidXBkYXRlIjoxMjAwMDAwMDAwMDAwfX0="
        }
      ]
    },
    {
      "module": "module.jx.module.vault",
      "mode": "managed",
      "type": "google_project_service",
      "name": "cloudkms_api",
      "each": "list",
      "provider": "module.jx.provider.google",
      "instances": [
        {
          "index_key": 0,
          "schema_version": 0,
          "attributes": {
            "disable_dependent_services": null,
            "disable_on_destroy": false,
            "id": "identity-graph-285408/cloudkms.googleapis.com",
            "project": "identity-graph-285408",
            "service": "cloudkms.googleapis.com",
            "timeouts": null
          },
          "private": "eyJlMmJmYjczMC1lY2FhLTExZTYtOGY4OC0zNDM2M2JjN2M0YzAiOnsiY3JlYXRlIjoxMjAwMDAwMDAwMDAwLCJkZWxldGUiOjEyMDAwMDAwMDAwMDAsInJlYWQiOjYwMDAwMDAwMDAwMCwidXBkYXRlIjoxMjAwMDAwMDAwMDAwfX0="
        }
      ]
    },
    {
      "module": "module.jx",
      "mode": "managed",
      "type": "google_project_service",
      "name": "cloudresourcemanager_api",
      "provider": "module.jx.provider.google",
      "instances": [
        {
          "schema_version": 0,
          "attributes": {
            "disable_dependent_services": null,
            "disable_on_destroy": false,
            "id": "identity-graph-285408/cloudresourcemanager.googleapis.com",
            "project": "identity-graph-285408",
            "service": "cloudresourcemanager.googleapis.com",
            "timeouts": null
          },
          "private": "eyJlMmJmYjczMC1lY2FhLTExZTYtOGY4OC0zNDM2M2JjN2M0YzAiOnsiY3JlYXRlIjoxMjAwMDAwMDAwMDAwLCJkZWxldGUiOjEyMDAwMDAwMDAwMDAsInJlYWQiOjYwMDAwMDAwMDAwMCwidXBkYXRlIjoxMjAwMDAwMDAwMDAwfX0="
        }
      ]
    },
    {
      "module": "module.jx",
      "mode": "managed",
      "type": "google_project_service",
      "name": "compute_api",
      "provider": "module.jx.provider.google",
      "instances": [
        {
          "schema_version": 0,
          "attributes": {
            "disable_dependent_services": null,
            "disable_on_destroy": false,
            "id": "identity-graph-285408/compute.googleapis.com",
            "project": "identity-graph-285408",
            "service": "compute.googleapis.com",
            "timeouts": null
          },
          "private": "eyJlMmJmYjczMC1lY2FhLTExZTYtOGY4OC0zNDM2M2JjN2M0YzAiOnsiY3JlYXRlIjoxMjAwMDAwMDAwMDAwLCJkZWxldGUiOjEyMDAwMDAwMDAwMDAsInJlYWQiOjYwMDAwMDAwMDAwMCwidXBkYXRlIjoxMjAwMDAwMDAwMDAwfX0="
        }
      ]
    },
    {
      "module": "module.jx",
      "mode": "managed",
      "type": "google_project_service",
      "name": "container_api",
      "provider": "module.jx.provider.google",
      "instances": [
        {
          "schema_version": 0,
          "attributes": {
            "disable_dependent_services": null,
            "disable_on_destroy": false,
            "id": "identity-graph-285408/container.googleapis.com",
            "project": "identity-graph-285408",
            "service": "container.googleapis.com",
            "timeouts": null
          },
          "private": "eyJlMmJmYjczMC1lY2FhLTExZTYtOGY4OC0zNDM2M2JjN2M0YzAiOnsiY3JlYXRlIjoxMjAwMDAwMDAwMDAwLCJkZWxldGUiOjEyMDAwMDAwMDAwMDAsInJlYWQiOjYwMDAwMDAwMDAwMCwidXBkYXRlIjoxMjAwMDAwMDAwMDAwfX0="
        }
      ]
    },
    {
      "module": "module.jx",
      "mode": "managed",
      "type": "google_project_service",
      "name": "containeranalysis_api",
      "provider": "module.jx.provider.google",
      "instances": [
        {
          "schema_version": 0,
          "attributes": {
            "disable_dependent_services": null,
            "disable_on_destroy": false,
            "id": "identity-graph-285408/containeranalysis.googleapis.com",
            "project": "identity-graph-285408",
            "service": "containeranalysis.googleapis.com",
            "timeouts": null
          },
          "private": "eyJlMmJmYjczMC1lY2FhLTExZTYtOGY4OC0zNDM2M2JjN2M0YzAiOnsiY3JlYXRlIjoxMjAwMDAwMDAwMDAwLCJkZWxldGUiOjEyMDAwMDAwMDAwMDAsInJlYWQiOjYwMDAwMDAwMDAwMCwidXBkYXRlIjoxMjAwMDAwMDAwMDAwfX0="
        }
      ]
    },
    {
      "module": "module.jx",
      "mode": "managed",
      "type": "google_project_service",
      "name": "containerregistry_api",
      "provider": "module.jx.provider.google",
      "instances": [
        {
          "schema_version": 0,
          "attributes": {
            "disable_dependent_services": null,
            "disable_on_destroy": false,
            "id": "identity-graph-285408/containerregistry.googleapis.com",
            "project": "identity-graph-285408",
            "service": "containerregistry.googleapis.com",
            "timeouts": null
          },
          "private": "eyJlMmJmYjczMC1lY2FhLTExZTYtOGY4OC0zNDM2M2JjN2M0YzAiOnsiY3JlYXRlIjoxMjAwMDAwMDAwMDAwLCJkZWxldGUiOjEyMDAwMDAwMDAwMDAsInJlYWQiOjYwMDAwMDAwMDAwMCwidXBkYXRlIjoxMjAwMDAwMDAwMDAwfX0="
        }
      ]
    },
    {
      "module": "module.jx.module.dns",
      "mode": "managed",
      "type": "google_project_service",
      "name": "dns_api",
      "provider": "module.jx.provider.google",
      "instances": [
        {
          "schema_version": 0,
          "attributes": {
            "disable_dependent_services": null,
            "disable_on_destroy": false,
            "id": "identity-graph-285408/dns.googleapis.com",
            "project": "identity-graph-285408",
            "service": "dns.googleapis.com",
            "timeouts": null
          },
          "private": "eyJlMmJmYjczMC1lY2FhLTExZTYtOGY4OC0zNDM2M2JjN2M0YzAiOnsiY3JlYXRlIjoxMjAwMDAwMDAwMDAwLCJkZWxldGUiOjEyMDAwMDAwMDAwMDAsInJlYWQiOjYwMDAwMDAwMDAwMCwidXBkYXRlIjoxMjAwMDAwMDAwMDAwfX0="
        }
      ]
    },
    {
      "module": "module.jx",
      "mode": "managed",
      "type": "google_project_service",
      "name": "iam_api",
      "provider": "module.jx.provider.google",
      "instances": [
        {
          "schema_version": 0,
          "attributes": {
            "disable_dependent_services": null,
            "disable_on_destroy": false,
            "id": "identity-graph-285408/iam.googleapis.com",
            "project": "identity-graph-285408",
            "service": "iam.googleapis.com",
            "timeouts": null
          },
          "private": "eyJlMmJmYjczMC1lY2FhLTExZTYtOGY4OC0zNDM2M2JjN2M0YzAiOnsiY3JlYXRlIjoxMjAwMDAwMDAwMDAwLCJkZWxldGUiOjEyMDAwMDAwMDAwMDAsInJlYWQiOjYwMDAwMDAwMDAwMCwidXBkYXRlIjoxMjAwMDAwMDAwMDAwfX0="
        }
      ]
    },
    {
      "module": "module.network",
      "mode": "managed",
      "type": "google_project_service",
      "name": "service",
      "each": "list",
      "provider": "provider.google",
      "instances": [
        {
          "index_key": 0,
          "schema_version": 0,
          "attributes": {
            "disable_dependent_services": null,
            "disable_on_destroy": false,
            "id": "identity-graph-285408/cloudresourcemanager.googleapis.com",
            "project": "identity-graph-285408",
            "service": "cloudresourcemanager.googleapis.com",
            "timeouts": null
          },
          "private": "eyJlMmJmYjczMC1lY2FhLTExZTYtOGY4OC0zNDM2M2JjN2M0YzAiOnsiY3JlYXRlIjoxMjAwMDAwMDAwMDAwLCJkZWxldGUiOjEyMDAwMDAwMDAwMDAsInJlYWQiOjYwMDAwMDAwMDAwMCwidXBkYXRlIjoxMjAwMDAwMDAwMDAwfX0="
        },
        {
          "index_key": 1,
          "schema_version": 0,
          "attributes": {
            "disable_dependent_services": null,
            "disable_on_destroy": false,
            "id": "identity-graph-285408/servicenetworking.googleapis.com",
            "project": "identity-graph-285408",
            "service": "servicenetworking.googleapis.com",
            "timeouts": null
          },
          "private": "eyJlMmJmYjczMC1lY2FhLTExZTYtOGY4OC0zNDM2M2JjN2M0YzAiOnsiY3JlYXRlIjoxMjAwMDAwMDAwMDAwLCJkZWxldGUiOjEyMDAwMDAwMDAwMDAsInJlYWQiOjYwMDAwMDAwMDAwMCwidXBkYXRlIjoxMjAwMDAwMDAwMDAwfX0="
        },
        {
          "index_key": 2,
          "schema_version": 0,
          "attributes": {
            "disable_dependent_services": null,
            "disable_on_destroy": false,
            "id": "identity-graph-285408/container.googleapis.com",
            "project": "identity-graph-285408",
            "service": "container.googleapis.com",
            "timeouts": null
          },
          "private": "eyJlMmJmYjczMC1lY2FhLTExZTYtOGY4OC0zNDM2M2JjN2M0YzAiOnsiY3JlYXRlIjoxMjAwMDAwMDAwMDAwLCJkZWxldGUiOjEyMDAwMDAwMDAwMDAsInJlYWQiOjYwMDAwMDAwMDAwMCwidXBkYXRlIjoxMjAwMDAwMDAwMDAwfX0="
        },
        {
          "index_key": 3,
          "schema_version": 0,
          "attributes": {
            "disable_dependent_services": null,
            "disable_on_destroy": false,
            "id": "identity-graph-285408/compute.googleapis.com",
            "project": "identity-graph-285408",
            "service": "compute.googleapis.com",
            "timeouts": null
          },
          "private": "eyJlMmJmYjczMC1lY2FhLTExZTYtOGY4OC0zNDM2M2JjN2M0YzAiOnsiY3JlYXRlIjoxMjAwMDAwMDAwMDAwLCJkZWxldGUiOjEyMDAwMDAwMDAwMDAsInJlYWQiOjYwMDAwMDAwMDAwMCwidXBkYXRlIjoxMjAwMDAwMDAwMDAwfX0="
        },
        {
          "index_key": 4,
          "schema_version": 0,
          "attributes": {
            "disable_dependent_services": null,
            "disable_on_destroy": false,
            "id": "identity-graph-285408/iam.googleapis.com",
            "project": "identity-graph-285408",
            "service": "iam.googleapis.com",
            "timeouts": null
          },
          "private": "eyJlMmJmYjczMC1lY2FhLTExZTYtOGY4OC0zNDM2M2JjN2M0YzAiOnsiY3JlYXRlIjoxMjAwMDAwMDAwMDAwLCJkZWxldGUiOjEyMDAwMDAwMDAwMDAsInJlYWQiOjYwMDAwMDAwMDAwMCwidXBkYXRlIjoxMjAwMDAwMDAwMDAwfX0="
        },
        {
          "index_key": 5,
          "schema_version": 0,
          "attributes": {
            "disable_dependent_services": null,
            "disable_on_destroy": false,
            "id": "identity-graph-285408/logging.googleapis.com",
            "project": "identity-graph-285408",
            "service": "logging.googleapis.com",
            "timeouts": null
          },
          "private": "eyJlMmJmYjczMC1lY2FhLTExZTYtOGY4OC0zNDM2M2JjN2M0YzAiOnsiY3JlYXRlIjoxMjAwMDAwMDAwMDAwLCJkZWxldGUiOjEyMDAwMDAwMDAwMDAsInJlYWQiOjYwMDAwMDAwMDAwMCwidXBkYXRlIjoxMjAwMDAwMDAwMDAwfX0="
        },
        {
          "index_key": 6,
          "schema_version": 0,
          "attributes": {
            "disable_dependent_services": null,
            "disable_on_destroy": false,
            "id": "identity-graph-285408/monitoring.googleapis.com",
            "project": "identity-graph-285408",
            "service": "monitoring.googleapis.com",
            "timeouts": null
          },
          "private": "eyJlMmJmYjczMC1lY2FhLTExZTYtOGY4OC0zNDM2M2JjN2M0YzAiOnsiY3JlYXRlIjoxMjAwMDAwMDAwMDAwLCJkZWxldGUiOjEyMDAwMDAwMDAwMDAsInJlYWQiOjYwMDAwMDAwMDAwMCwidXBkYXRlIjoxMjAwMDAwMDAwMDAwfX0="
        },
        {
          "index_key": 7,
          "schema_version": 0,
          "attributes": {
            "disable_dependent_services": null,
            "disable_on_destroy": false,
            "id": "identity-graph-285408/sqladmin.googleapis.com",
            "project": "identity-graph-285408",
            "service": "sqladmin.googleapis.com",
            "timeouts": null
          },
          "private": "eyJlMmJmYjczMC1lY2FhLTExZTYtOGY4OC0zNDM2M2JjN2M0YzAiOnsiY3JlYXRlIjoxMjAwMDAwMDAwMDAwLCJkZWxldGUiOjEyMDAwMDAwMDAwMDAsInJlYWQiOjYwMDAwMDAwMDAwMCwidXBkYXRlIjoxMjAwMDAwMDAwMDAwfX0="
        },
        {
          "index_key": 8,
          "schema_version": 0,
          "attributes": {
            "disable_dependent_services": null,
            "disable_on_destroy": false,
            "id": "identity-graph-285408/securetoken.googleapis.com",
            "project": "identity-graph-285408",
            "service": "securetoken.googleapis.com",
            "timeouts": null
          },
          "private": "eyJlMmJmYjczMC1lY2FhLTExZTYtOGY4OC0zNDM2M2JjN2M0YzAiOnsiY3JlYXRlIjoxMjAwMDAwMDAwMDAwLCJkZWxldGUiOjEyMDAwMDAwMDAwMDAsInJlYWQiOjYwMDAwMDAwMDAwMCwidXBkYXRlIjoxMjAwMDAwMDAwMDAwfX0="
        }
      ]
    },
    {
      "module": "module.jx",
      "mode": "managed",
      "type": "google_project_service",
      "name": "serviceusage_api",
      "provider": "module.jx.provider.google",
      "instances": [
        {
          "schema_version": 0,
          "attributes": {
            "disable_dependent_services": null,
            "disable_on_destroy": false,
            "id": "identity-graph-285408/serviceusage.googleapis.com",
            "project": "identity-graph-285408",
            "service": "serviceusage.googleapis.com",
            "timeouts": null
          },
          "private": "eyJlMmJmYjczMC1lY2FhLTExZTYtOGY4OC0zNDM2M2JjN2M0YzAiOnsiY3JlYXRlIjoxMjAwMDAwMDAwMDAwLCJkZWxldGUiOjEyMDAwMDAwMDAwMDAsInJlYWQiOjYwMDAwMDAwMDAwMCwidXBkYXRlIjoxMjAwMDAwMDAwMDAwfX0="
        }
      ]
    },
    {
      "module": "module.network",
      "mode": "managed",
      "type": "google_service_account",
      "name": "bastion",
      "provider": "provider.google",
      "instances": [
        {
          "schema_version": 0,
          "attributes": {
            "account_id": "dev-bastion-sa",
            "description": "",
            "display_name": "GKE Bastion SA",
            "email": "dev-bastion-sa@identity-graph-285408.iam.gserviceaccount.com",
            "id": "projects/identity-graph-285408/serviceAccounts/dev-bastion-sa@identity-graph-285408.iam.gserviceaccount.com",
            "name": "projects/identity-graph-285408/serviceAccounts/dev-bastion-sa@identity-graph-285408.iam.gserviceaccount.com",
            "project": "identity-graph-285408",
            "timeouts": null,
            "unique_id": "106261134798762267891"
          },
          "private": "eyJlMmJmYjczMC1lY2FhLTExZTYtOGY4OC0zNDM2M2JjN2M0YzAiOnsiY3JlYXRlIjozMDAwMDAwMDAwMDB9fQ=="
        }
      ]
    },
    {
      "module": "module.jx.module.cluster",
      "mode": "managed",
      "type": "google_service_account",
      "name": "build_controller_sa",
      "provider": "module.jx.provider.google",
      "instances": [
        {
          "schema_version": 0,
          "attributes": {
            "account_id": "dev-bc",
            "description": "",
            "display_name": "Build controller service account for cluster dev",
            "email": "dev-bc@identity-graph-285408.iam.gserviceaccount.com",
            "id": "projects/identity-graph-285408/serviceAccounts/dev-bc@identity-graph-285408.iam.gserviceaccount.com",
            "name": "projects/identity-graph-285408/serviceAccounts/dev-bc@identity-graph-285408.iam.gserviceaccount.com",
            "project": "identity-graph-285408",
            "timeouts": null,
            "unique_id": "113016866798529619306"
          },
          "private": "eyJlMmJmYjczMC1lY2FhLTExZTYtOGY4OC0zNDM2M2JjN2M0YzAiOnsiY3JlYXRlIjozMDAwMDAwMDAwMDB9fQ==",
          "dependencies": [
            "module.jx.random_pet.current"
          ]
        }
      ]
    },
    {
      "module": "module.jx.module.dns",
      "mode": "managed",
      "type": "google_service_account",
      "name": "dns_sa",
      "provider": "module.jx.provider.google",
      "instances": [
        {
          "schema_version": 0,
          "attributes": {
            "account_id": "dev-dn",
            "description": "",
            "display_name": "ExternalDNS service account for cluster dev",
            "email": "dev-dn@identity-graph-285408.iam.gserviceaccount.com",
            "id": "projects/identity-graph-285408/serviceAccounts/dev-dn@identity-graph-285408.iam.gserviceaccount.com",
            "name": "projects/identity-graph-285408/serviceAccounts/dev-dn@identity-graph-285408.iam.gserviceaccount.com",
            "project": "identity-graph-285408",
            "timeouts": null,
            "unique_id": "109530834669205198448"
          },
          "private": "eyJlMmJmYjczMC1lY2FhLTExZTYtOGY4OC0zNDM2M2JjN2M0YzAiOnsiY3JlYXRlIjozMDAwMDAwMDAwMDB9fQ==",
          "dependencies": [
            "module.jx.random_pet.current"
          ]
        }
      ]
    },
    {
      "module": "module.jx.module.cluster",
      "mode": "managed",
      "type": "google_service_account",
      "name": "jxui_sa",
      "each": "list",
      "provider": "module.jx.provider.google",
      "instances": []
    },
    {
      "module": "module.jx.module.cluster",
      "mode": "managed",
      "type": "google_service_account",
      "name": "kaniko_sa",
      "provider": "module.jx.provider.google",
      "instances": [
        {
          "schema_version": 0,
          "attributes": {
            "account_id": "dev-ko",
            "description": "",
            "display_name": "Kaniko service account for cluster dev",
            "email": "dev-ko@identity-graph-285408.iam.gserviceaccount.com",
            "id": "projects/identity-graph-285408/serviceAccounts/dev-ko@identity-graph-285408.iam.gserviceaccount.com",
            "name": "projects/identity-graph-285408/serviceAccounts/dev-ko@identity-graph-285408.iam.gserviceaccount.com",
            "project": "identity-graph-285408",
            "timeouts": null,
            "unique_id": "114272900324797157508"
          },
          "private": "eyJlMmJmYjczMC1lY2FhLTExZTYtOGY4OC0zNDM2M2JjN2M0YzAiOnsiY3JlYXRlIjozMDAwMDAwMDAwMDB9fQ==",
          "dependencies": [
            "module.jx.random_pet.current"
          ]
        }
      ]
    },
    {
      "module": "module.jx.module.cluster",
      "mode": "managed",
      "type": "google_service_account",
      "name": "tekton_sa",
      "provider": "module.jx.provider.google",
      "instances": [
        {
          "schema_version": 0,
          "attributes": {
            "account_id": "dev-tekton",
            "description": "",
            "display_name": "Tekton service account for cluster dev",
            "email": "dev-tekton@identity-graph-285408.iam.gserviceaccount.com",
            "id": "projects/identity-graph-285408/serviceAccounts/dev-tekton@identity-graph-285408.iam.gserviceaccount.com",
            "name": "projects/identity-graph-285408/serviceAccounts/dev-tekton@identity-graph-285408.iam.gserviceaccount.com",
            "project": "identity-graph-285408",
            "timeouts": null,
            "unique_id": "100827841379061796363"
          },
          "private": "eyJlMmJmYjczMC1lY2FhLTExZTYtOGY4OC0zNDM2M2JjN2M0YzAiOnsiY3JlYXRlIjozMDAwMDAwMDAwMDB9fQ==",
          "dependencies": [
            "module.jx.random_pet.current"
          ]
        }
      ]
    },
    {
      "module": "module.jx.module.vault",
      "mode": "managed",
      "type": "google_service_account",
      "name": "vault_sa",
      "each": "list",
      "provider": "module.jx.provider.google",
      "instances": [
        {
          "index_key": 0,
          "schema_version": 0,
          "attributes": {
            "account_id": "dev-vt",
            "description": "",
            "display_name": "Vault service account for cluster dev",
            "email": "dev-vt@identity-graph-285408.iam.gserviceaccount.com",
            "id": "projects/identity-graph-285408/serviceAccounts/dev-vt@identity-graph-285408.iam.gserviceaccount.com",
            "name": "projects/identity-graph-285408/serviceAccounts/dev-vt@identity-graph-285408.iam.gserviceaccount.com",
            "project": "identity-graph-285408",
            "timeouts": null,
            "unique_id": "104229339218910240414"
          },
          "private": "eyJlMmJmYjczMC1lY2FhLTExZTYtOGY4OC0zNDM2M2JjN2M0YzAiOnsiY3JlYXRlIjozMDAwMDAwMDAwMDB9fQ==",
          "dependencies": [
            "module.jx.random_pet.current"
          ]
        }
      ]
    },
    {
      "module": "module.jx.module.backup",
      "mode": "managed",
      "type": "google_service_account",
      "name": "velero_sa",
      "each": "list",
      "provider": "module.jx.provider.google",
      "instances": []
    },
    {
      "module": "module.jx.module.cluster",
      "mode": "managed",
      "type": "google_service_account_iam_member",
      "name": "build_controller_sa_workload_identity_user",
      "provider": "module.jx.provider.google",
      "instances": [
        {
          "schema_version": 0,
          "attributes": {
            "condition": [],
            "etag": "BwWtnfpb8DM=",
            "id": "projects/identity-graph-285408/serviceAccounts/dev-bc@identity-graph-285408.iam.gserviceaccount.com/roles/iam.workloadIdentityUser/serviceaccount:identity-graph-285408.svc.id.goog[jx/jenkins-x-controllerbuild]",
            "member": "serviceAccount:identity-graph-285408.svc.id.goog[jx/jenkins-x-controllerbuild]",
            "role": "roles/iam.workloadIdentityUser",
            "service_account_id": "projects/identity-graph-285408/serviceAccounts/dev-bc@identity-graph-285408.iam.gserviceaccount.com"
          },
          "private": "bnVsbA==",
          "dependencies": [
            "module.jx.module.cluster.google_service_account.build_controller_sa",
            "module.jx.random_pet.current"
          ]
        }
      ]
    },
    {
      "module": "module.jx.module.dns",
      "mode": "managed",
      "type": "google_service_account_iam_member",
      "name": "cm_cainjector_workload_identity_user",
      "provider": "module.jx.provider.google",
      "instances": [
        {
          "schema_version": 0,
          "attributes": {
            "condition": [],
            "etag": "BwWtngzcO+o=",
            "id": "projects/identity-graph-285408/serviceAccounts/dev-dn@identity-graph-285408.iam.gserviceaccount.com/roles/iam.workloadIdentityUser/serviceaccount:identity-graph-285408.svc.id.goog[cert-manager/cm-cainjector]",
            "member": "serviceAccount:identity-graph-285408.svc.id.goog[cert-manager/cm-cainjector]",
            "role": "roles/iam.workloadIdentityUser",
            "service_account_id": "projects/identity-graph-285408/serviceAccounts/dev-dn@identity-graph-285408.iam.gserviceaccount.com"
          },
          "private": "bnVsbA==",
          "dependencies": [
            "module.jx.module.dns.google_service_account.dns_sa",
            "module.jx.random_pet.current"
          ]
        }
      ]
    },
    {
      "module": "module.jx.module.dns",
      "mode": "managed",
      "type": "google_service_account_iam_member",
      "name": "cm_cert_manager_workload_identity_user",
      "provider": "module.jx.provider.google",
      "instances": [
        {
          "schema_version": 0,
          "attributes": {
            "condition": [],
            "etag": "BwWtngzcO+o=",
            "id": "projects/identity-graph-285408/serviceAccounts/dev-dn@identity-graph-285408.iam.gserviceaccount.com/roles/iam.workloadIdentityUser/serviceaccount:identity-graph-285408.svc.id.goog[cert-manager/cm-cert-manager]",
            "member": "serviceAccount:identity-graph-285408.svc.id.goog[cert-manager/cm-cert-manager]",
            "role": "roles/iam.workloadIdentityUser",
            "service_account_id": "projects/identity-graph-285408/serviceAccounts/dev-dn@identity-graph-285408.iam.gserviceaccount.com"
          },
          "private": "bnVsbA==",
          "dependencies": [
            "module.jx.module.dns.google_service_account.dns_sa",
            "module.jx.random_pet.current"
          ]
        }
      ]
    },
    {
      "module": "module.jx.module.dns",
      "mode": "managed",
      "type": "google_service_account_iam_member",
      "name": "exdns_external_dns_workload_identity_user",
      "provider": "module.jx.provider.google",
      "instances": [
        {
          "schema_version": 0,
          "attributes": {
            "condition": [],
            "etag": "BwWtngzcO+o=",
            "id": "projects/identity-graph-285408/serviceAccounts/dev-dn@identity-graph-285408.iam.gserviceaccount.com/roles/iam.workloadIdentityUser/serviceaccount:identity-graph-285408.svc.id.goog[jx/exdns-external-dns]",
            "member": "serviceAccount:identity-graph-285408.svc.id.goog[jx/exdns-external-dns]",
            "role": "roles/iam.workloadIdentityUser",
            "service_account_id": "projects/identity-graph-285408/serviceAccounts/dev-dn@identity-graph-285408.iam.gserviceaccount.com"
          },
          "private": "bnVsbA==",
          "dependencies": [
            "google_compute_network.network",
            "google_compute_subnetwork.subnetwork",
            "google_project_service.service",
            "module.jx.module.cluster.google_container_cluster.jx_cluster",
            "module.jx.module.cluster.kubernetes_namespace.jenkins_x_namespace",
            "module.jx.module.dns.google_service_account.dns_sa",
            "module.jx.random_pet.current"
          ]
        }
      ]
    },
    {
      "module": "module.jx.module.cluster",
      "mode": "managed",
      "type": "google_service_account_iam_member",
      "name": "jxui_sa_workload_identity_user",
      "each": "list",
      "provider": "module.jx.provider.google",
      "instances": []
    },
    {
      "module": "module.jx.module.cluster",
      "mode": "managed",
      "type": "google_service_account_iam_member",
      "name": "kaniko_sa_workload_identity_user",
      "provider": "module.jx.provider.google",
      "instances": [
        {
          "schema_version": 0,
          "attributes": {
            "condition": [],
            "etag": "BwWtnfqOvJo=",
            "id": "projects/identity-graph-285408/serviceAccounts/dev-ko@identity-graph-285408.iam.gserviceaccount.com/roles/iam.workloadIdentityUser/serviceaccount:identity-graph-285408.svc.id.goog[jx/kaniko-sa]",
            "member": "serviceAccount:identity-graph-285408.svc.id.goog[jx/kaniko-sa]",
            "role": "roles/iam.workloadIdentityUser",
            "service_account_id": "projects/identity-graph-285408/serviceAccounts/dev-ko@identity-graph-285408.iam.gserviceaccount.com"
          },
          "private": "bnVsbA==",
          "dependencies": [
            "module.jx.module.cluster.google_service_account.kaniko_sa",
            "module.jx.random_pet.current"
          ]
        }
      ]
    },
    {
      "module": "module.jx.module.cluster",
      "mode": "managed",
      "type": "google_service_account_iam_member",
      "name": "tekton_sa_workload_identity_user",
      "provider": "module.jx.provider.google",
      "instances": [
        {
          "schema_version": 0,
          "attributes": {
            "condition": [],
            "etag": "BwWtnfo6b6I=",
            "id": "projects/identity-graph-285408/serviceAccounts/dev-tekton@identity-graph-285408.iam.gserviceaccount.com/roles/iam.workloadIdentityUser/serviceaccount:identity-graph-285408.svc.id.goog[jx/tekton-bot]",
            "member": "serviceAccount:identity-graph-285408.svc.id.goog[jx/tekton-bot]",
            "role": "roles/iam.workloadIdentityUser",
            "service_account_id": "projects/identity-graph-285408/serviceAccounts/dev-tekton@identity-graph-285408.iam.gserviceaccount.com"
          },
          "private": "bnVsbA==",
          "dependencies": [
            "module.jx.module.cluster.google_service_account.tekton_sa",
            "module.jx.random_pet.current"
          ]
        }
      ]
    },
    {
      "module": "module.jx.module.vault",
      "mode": "managed",
      "type": "google_service_account_iam_member",
      "name": "vault_auth_workload_identity_user",
      "each": "list",
      "provider": "module.jx.provider.google",
      "instances": [
        {
          "index_key": 0,
          "schema_version": 0,
          "attributes": {
            "condition": [],
            "etag": "BwWtng1LYCc=",
            "id": "projects/identity-graph-285408/serviceAccounts/dev-vt@identity-graph-285408.iam.gserviceaccount.com/roles/iam.workloadIdentityUser/serviceaccount:identity-graph-285408.svc.id.goog[jx/vault-auth]",
            "member": "serviceAccount:identity-graph-285408.svc.id.goog[jx/vault-auth]",
            "role": "roles/iam.workloadIdentityUser",
            "service_account_id": "projects/identity-graph-285408/serviceAccounts/dev-vt@identity-graph-285408.iam.gserviceaccount.com"
          },
          "private": "bnVsbA==",
          "dependencies": [
            "google_compute_network.network",
            "google_compute_subnetwork.subnetwork",
            "google_project_service.service",
            "module.jx.module.cluster.google_container_cluster.jx_cluster",
            "module.jx.module.cluster.kubernetes_namespace.jenkins_x_namespace",
            "module.jx.module.vault.google_service_account.vault_sa",
            "module.jx.random_pet.current"
          ]
        }
      ]
    },
    {
      "module": "module.jx.module.vault",
      "mode": "managed",
      "type": "google_service_account_iam_member",
      "name": "vault_operator_workload_identity_user",
      "each": "list",
      "provider": "module.jx.provider.google",
      "instances": [
        {
          "index_key": 0,
          "schema_version": 0,
          "attributes": {
            "condition": [],
            "etag": "BwWtng1LYCc=",
            "id": "projects/identity-graph-285408/serviceAccounts/dev-vt@identity-graph-285408.iam.gserviceaccount.com/roles/iam.workloadIdentityUser/serviceaccount:identity-graph-285408.svc.id.goog[jx/dev-vt]",
            "member": "serviceAccount:identity-graph-285408.svc.id.goog[jx/dev-vt]",
            "role": "roles/iam.workloadIdentityUser",
            "service_account_id": "projects/identity-graph-285408/serviceAccounts/dev-vt@identity-graph-285408.iam.gserviceaccount.com"
          },
          "private": "bnVsbA==",
          "dependencies": [
            "google_compute_network.network",
            "google_compute_subnetwork.subnetwork",
            "google_project_service.service",
            "module.jx.module.cluster.google_container_cluster.jx_cluster",
            "module.jx.module.cluster.kubernetes_namespace.jenkins_x_namespace",
            "module.jx.module.vault.google_service_account.vault_sa",
            "module.jx.random_pet.current"
          ]
        }
      ]
    },
    {
      "module": "module.jx.module.backup",
      "mode": "managed",
      "type": "google_service_account_iam_member",
      "name": "velero_sa_workload_identity_user",
      "each": "list",
      "provider": "module.jx.provider.google",
      "instances": []
    },
    {
      "module": "module.jx.module.backup",
      "mode": "managed",
      "type": "google_storage_bucket",
      "name": "backup_bucket",
      "each": "list",
      "provider": "module.jx.provider.google",
      "instances": []
    },
    {
      "module": "module.jx.module.cluster",
      "mode": "managed",
      "type": "google_storage_bucket",
      "name": "log_bucket",
      "each": "list",
      "provider": "module.jx.provider.google",
      "instances": [
        {
          "index_key": 0,
          "schema_version": 0,
          "attributes": {
            "bucket_policy_only": false,
            "cors": [],
            "default_event_based_hold": false,
            "encryption": [],
            "force_destroy": false,
            "id": "logs-dev-a8048bbb4f1e",
            "labels": {},
            "lifecycle_rule": [],
            "location": "US",
            "logging": [],
            "name": "logs-dev-a8048bbb4f1e",
            "project": "identity-graph-285408",
            "requester_pays": false,
            "retention_policy": [],
            "self_link": "https://www.googleapis.com/storage/v1/b/logs-dev-a8048bbb4f1e",
            "storage_class": "STANDARD",
            "url": "gs://logs-dev-a8048bbb4f1e",
            "versioning": [],
            "website": []
          },
          "private": "bnVsbA==",
          "dependencies": [
            "module.jx.random_id.random",
            "module.jx.random_pet.current"
          ]
        }
      ]
    },
    {
      "module": "module.jx.module.cluster",
      "mode": "managed",
      "type": "google_storage_bucket",
      "name": "report_bucket",
      "each": "list",
      "provider": "module.jx.provider.google",
      "instances": [
        {
          "index_key": 0,
          "schema_version": 0,
          "attributes": {
            "bucket_policy_only": false,
            "cors": [],
            "default_event_based_hold": false,
            "encryption": [],
            "force_destroy": false,
            "id": "reports-dev-a8048bbb4f1e",
            "labels": {},
            "lifecycle_rule": [],
            "location": "US",
            "logging": [],
            "name": "reports-dev-a8048bbb4f1e",
            "project": "identity-graph-285408",
            "requester_pays": false,
            "retention_policy": [],
            "self_link": "https://www.googleapis.com/storage/v1/b/reports-dev-a8048bbb4f1e",
            "storage_class": "STANDARD",
            "url": "gs://reports-dev-a8048bbb4f1e",
            "versioning": [],
            "website": []
          },
          "private": "bnVsbA==",
          "dependencies": [
            "module.jx.random_id.random",
            "module.jx.random_pet.current"
          ]
        }
      ]
    },
    {
      "module": "module.jx.module.cluster",
      "mode": "managed",
      "type": "google_storage_bucket",
      "name": "repository_bucket",
      "each": "list",
      "provider": "module.jx.provider.google",
      "instances": [
        {
          "index_key": 0,
          "schema_version": 0,
          "attributes": {
            "bucket_policy_only": false,
            "cors": [],
            "default_event_based_hold": false,
            "encryption": [],
            "force_destroy": false,
            "id": "repository-dev-a8048bbb4f1e",
            "labels": {},
            "lifecycle_rule": [],
            "location": "US",
            "logging": [],
            "name": "repository-dev-a8048bbb4f1e",
            "project": "identity-graph-285408",
            "requester_pays": false,
            "retention_policy": [],
            "self_link": "https://www.googleapis.com/storage/v1/b/repository-dev-a8048bbb4f1e",
            "storage_class": "STANDARD",
            "url": "gs://repository-dev-a8048bbb4f1e",
            "versioning": [],
            "website": []
          },
          "private": "bnVsbA==",
          "dependencies": [
            "module.jx.random_id.random",
            "module.jx.random_pet.current"
          ]
        }
      ]
    },
    {
      "module": "module.jx.module.vault",
      "mode": "managed",
      "type": "google_storage_bucket",
      "name": "vault_bucket",
      "each": "list",
      "provider": "module.jx.provider.google",
      "instances": [
        {
          "index_key": 0,
          "schema_version": 0,
          "attributes": {
            "bucket_policy_only": false,
            "cors": [],
            "default_event_based_hold": false,
            "encryption": [],
            "force_destroy": false,
            "id": "vault-dev-a8048bbb4f1e",
            "labels": {},
            "lifecycle_rule": [],
            "location": "US",
            "logging": [],
            "name": "vault-dev-a8048bbb4f1e",
            "project": "identity-graph-285408",
            "requester_pays": false,
            "retention_policy": [],
            "self_link": "https://www.googleapis.com/storage/v1/b/vault-dev-a8048bbb4f1e",
            "storage_class": "STANDARD",
            "url": "gs://vault-dev-a8048bbb4f1e",
            "versioning": [],
            "website": []
          },
          "private": "bnVsbA==",
          "dependencies": [
            "module.jx.random_id.random",
            "module.jx.random_pet.current"
          ]
        }
      ]
    },
    {
      "module": "module.jx.module.cluster",
      "mode": "managed",
      "type": "kubernetes_config_map",
      "name": "jenkins_x_requirements",
      "each": "list",
      "provider": "module.jx.provider.kubernetes",
      "instances": []
    },
    {
      "module": "module.jx.module.cluster",
      "mode": "managed",
      "type": "kubernetes_namespace",
      "name": "jenkins_x_namespace",
      "each": "list",
      "provider": "module.jx.provider.kubernetes",
      "instances": []
    },
    {
      "module": "module.jx.module.backup",
      "mode": "managed",
      "type": "kubernetes_namespace",
      "name": "velero_namespace",
      "each": "list",
      "provider": "module.jx.provider.kubernetes",
      "instances": []
    },
    {
      "module": "module.jx.module.cluster",
      "mode": "managed",
      "type": "kubernetes_service_account",
      "name": "build_controller_sa",
      "each": "list",
      "provider": "module.jx.provider.kubernetes",
      "instances": []
    },
    {
      "module": "module.jx.module.dns",
      "mode": "managed",
      "type": "kubernetes_service_account",
      "name": "cm-cainjector",
      "each": "list",
      "provider": "module.jx.provider.kubernetes",
      "instances": []
    },
    {
      "module": "module.jx.module.dns",
      "mode": "managed",
      "type": "kubernetes_service_account",
      "name": "cm-cert-manager",
      "each": "list",
      "provider": "module.jx.provider.kubernetes",
      "instances": []
    },
    {
      "module": "module.jx.module.dns",
      "mode": "managed",
      "type": "kubernetes_service_account",
      "name": "exdns-external-dns",
      "each": "list",
      "provider": "module.jx.provider.kubernetes",
      "instances": []
    },
    {
      "module": "module.jx.module.cluster",
      "mode": "managed",
      "type": "kubernetes_service_account",
      "name": "jxui_sa",
      "each": "list",
      "provider": "module.jx.provider.kubernetes",
      "instances": []
    },
    {
      "module": "module.jx.module.cluster",
      "mode": "managed",
      "type": "kubernetes_service_account",
      "name": "kaniko_sa",
      "each": "list",
      "provider": "module.jx.provider.kubernetes",
      "instances": []
    },
    {
      "module": "module.jx.module.cluster",
      "mode": "managed",
      "type": "kubernetes_service_account",
      "name": "tekton_sa",
      "each": "list",
      "provider": "module.jx.provider.kubernetes",
      "instances": []
    },
    {
      "module": "module.jx.module.vault",
      "mode": "managed",
      "type": "kubernetes_service_account",
      "name": "vault_sa",
      "each": "list",
      "provider": "module.jx.provider.kubernetes",
      "instances": []
    },
    {
      "module": "module.jx.module.backup",
      "mode": "managed",
      "type": "kubernetes_service_account",
      "name": "velero_sa",
      "each": "list",
      "provider": "module.jx.provider.kubernetes",
      "instances": []
    },
    {
      "module": "module.jx",
      "mode": "managed",
      "type": "random_id",
      "name": "random",
      "provider": "module.jx.provider.random",
      "instances": [
        {
          "schema_version": 0,
          "attributes": {
            "b64": "qASLu08e",
            "b64_std": "qASLu08e",
            "b64_url": "qASLu08e",
            "byte_length": 6,
            "dec": "184737477644062",
            "hex": "a8048bbb4f1e",
            "id": "qASLu08e",
            "keepers": null,
            "prefix": null
          },
          "private": "bnVsbA=="
        }
      ]
    },
    {
      "module": "module.jx",
      "mode": "managed",
      "type": "random_pet",
      "name": "current",
      "provider": "module.jx.provider.random",
      "instances": [
        {
          "schema_version": 0,
          "attributes": {
            "id": "tf-jx-romantic-tuna",
            "keepers": {
              "cluster_name": "dev"
            },
            "length": 2,
            "prefix": "tf-jx",
            "separator": "-"
          },
          "private": "bnVsbA=="
        }
      ]
    }
  ]
}
